{
  "requires": true,
  "lockfileVersion": 1,
  "dependencies": {
    "highcharts": {
      "version": "7.0.3",
      "resolved": "https://registry.npmjs.org/highcharts/-/highcharts-7.0.3.tgz",
      "integrity": "sha512-ubfHLDqKZkGLfDGWYPaa9txLwiJDSWphMZ15xdC0RKKKxZ2ZBc13+MjDfz5ARpYGQvCHmytGOGFUgRWEvkOhNA=="
    },
    "highcharts-more": {
      "version": "0.1.7",
      "resolved": "https://registry.npmjs.org/highcharts-more/-/highcharts-more-0.1.7.tgz",
      "integrity": "sha1-Q81idMzLpEMWbJTUU22QS7q/nHc="
    },
    "iconv-lite": {
      "version": "0.4.24",
      "resolved": "https://registry.npmjs.org/iconv-lite/-/iconv-lite-0.4.24.tgz",
      "integrity": "sha512-v3MXnZAcvnywkTUEZomIActle7RXXeedOR31wwl7VlyoXO4Qi9arvSenNQWne1TcRwhCL1HwLI21bEqdpj8/rA==",
      "requires": {
        "safer-buffer": ">= 2.1.2 < 3"
      }
    },
    "immediate": {
      "version": "3.0.6",
      "resolved": "https://registry.npmjs.org/immediate/-/immediate-3.0.6.tgz",
      "integrity": "sha1-nbHb0Pr43m++D13V5Wu2BigN5ps="
    },
    "jquery": {
      "version": "3.3.1",
      "resolved": "https://registry.npmjs.org/jquery/-/jquery-3.3.1.tgz",
      "integrity": "sha512-Ubldcmxp5np52/ENotGxlLe6aGMvmF4R8S6tZjsP6Knsaxd/xp3Zrh50cG93lR6nPXyUFwzN3ZSOQI0wRJNdGg=="
    },
    "jquery-ui": {
      "version": "1.12.1",
      "resolved": "https://registry.npmjs.org/jquery-ui/-/jquery-ui-1.12.1.tgz",
      "integrity": "sha1-vLQEXI3QU5wTS8FIjN0+dop6nlE="
    },
    "jszip": {
      "version": "2.6.1",
      "resolved": "https://registry.npmjs.org/jszip/-/jszip-2.6.1.tgz",
      "integrity": "sha1-uI86ey5noqBIFSmCx6N1bZxIKPA=",
      "requires": {
        "pako": "~1.0.2"
      }
    },
    "leaflet": {
      "version": "1.4.0",
      "resolved": "https://registry.npmjs.org/leaflet/-/leaflet-1.4.0.tgz",
      "integrity": "sha512-x9j9tGY1+PDLN9pcWTx9/y6C5nezoTMB8BLK5jTakx+H7bPlnbCHfi9Hjg+Qt36sgDz/cb9lrSpNQXmk45Tvhw=="
    },
    "leaflet-draw": {
      "version": "1.0.4",
      "resolved": "https://registry.npmjs.org/leaflet-draw/-/leaflet-draw-1.0.4.tgz",
      "integrity": "sha512-rsQ6saQO5ST5Aj6XRFylr5zvarWgzWnrg46zQ1MEOEIHsppdC/8hnN8qMoFvACsPvTioAuysya/TVtog15tyAQ=="
    },
    "lie": {
      "version": "3.3.0",
      "resolved": "https://registry.npmjs.org/lie/-/lie-3.3.0.tgz",
      "integrity": "sha512-UaiMJzeWRlEujzAuw5LokY1L5ecNQYZKfmyZ9L7wDHb/p5etKaxXhohBcrw0EYby+G/NA52vRSN4N39dxHAIwQ==",
      "requires": {
        "immediate": "~3.0.5"
      }
    },
    "lru-cache": {
      "version": "2.7.3",
      "resolved": "https://registry.npmjs.org/lru-cache/-/lru-cache-2.7.3.tgz",
      "integrity": "sha1-bUUk6LlV+V1PW1iFHOId1y+06VI="
    },
    "mgrs": {
      "version": "1.0.0",
      "resolved": "https://registry.npmjs.org/mgrs/-/mgrs-1.0.0.tgz",
      "integrity": "sha1-+5FYjnjJACVnI5XLQLJffNatGCk="
    },
    "moment": {
      "version": "2.24.0",
      "resolved": "https://registry.npmjs.org/moment/-/moment-2.24.0.tgz",
      "integrity": "sha512-bV7f+6l2QigeBBZSM/6yTNq4P2fNpSWj/0e7jQcy87A8e7o2nAfP/34/2ky5Vw4B9S446EtIhodAzkFCcR4dQg=="
    },
    "pako": {
      "version": "1.0.8",
      "resolved": "https://registry.npmjs.org/pako/-/pako-1.0.8.tgz",
      "integrity": "sha512-6i0HVbUfcKaTv+EG8ZTr75az7GFXcLYk9UyLEg7Notv/Ma+z/UG3TCoz6GiNeOrn1E/e63I0X/Hpw18jHOTUnA=="
    },
    "parsedbf": {
      "version": "1.0.0",
      "resolved": "https://registry.npmjs.org/parsedbf/-/parsedbf-1.0.0.tgz",
      "integrity": "sha512-qm8G6BPAL8yesN4UP4cNq1rxI5g5OyQNwS/SiLvjVT87PZ+9sbRdIANqH8kPKWvIiDbFM2V3C0xUuh/jvUqRdQ==",
      "requires": {
        "iconv-lite": "^0.4.15",
        "text-encoding-polyfill": "^0.6.7"
      }
    },
    "proj4": {
      "version": "2.5.0",
      "resolved": "https://registry.npmjs.org/proj4/-/proj4-2.5.0.tgz",
      "integrity": "sha512-XZTRT7OPdLzgvtTqL8DG2cEj8lYdovztOwiwpwRSYayOty5Ipf3H68dh/fiL+HKDEyetmQSMhkkMGiJoyziz3w==",
      "requires": {
        "mgrs": "1.0.0",
        "wkt-parser": "^1.2.0"
      }
    },
    "safer-buffer": {
      "version": "2.1.2",
      "resolved": "https://registry.npmjs.org/safer-buffer/-/safer-buffer-2.1.2.tgz",
      "integrity": "sha512-YZo3K82SD7Riyi0E1EQPojLz7kpepnSQI9IyPbHHg1XXXevb5dJI7tpyN2ADxGcQbHG7vcyRHk0cbwqcQriUtg=="
    },
    "shpjs": {
      "version": "3.4.3",
      "resolved": "https://registry.npmjs.org/shpjs/-/shpjs-3.4.3.tgz",
      "integrity": "sha512-NZM75+SLgPt9dK91Z92QK+fVd2OR6zswAmkTrkHRc4mnONbAWGo38I+AxCYsKgCNfqF5cZUi2KfO7r2TZ+tHdw==",
      "requires": {
        "jszip": "^2.4.0",
        "lie": "^3.0.1",
        "lru-cache": "^2.7.0",
        "parsedbf": "^1.0.0",
        "proj4": "^2.1.4"
      }
    },
    "text-encoding-polyfill": {
      "version": "0.6.7",
      "resolved": "https://registry.npmjs.org/text-encoding-polyfill/-/text-encoding-polyfill-0.6.7.tgz",
      "integrity": "sha512-/DZ1XJqhbqRkCop6s9ZFu8JrFRwmVuHg4quIRm+ziFkR3N3ec6ck6yBvJ1GYeEQZhLVwRW0rZE+C3SSJpy0RTg=="
    },
    "underscore": {
      "version": "1.9.1",
      "resolved": "https://registry.npmjs.org/underscore/-/underscore-1.9.1.tgz",
      "integrity": "sha512-5/4etnCkd9c8gwgowi5/om/mYO5ajCaOgdzj/oW+0eQV9WxKBDZw5+ycmKmeaTXjInS/W0BzpGLo2xR2aBwZdg=="
    },
    "wkt-parser": {
      "version": "1.2.3",
      "resolved": "https://registry.npmjs.org/wkt-parser/-/wkt-parser-1.2.3.tgz",
      "integrity": "sha512-s7zrOedGuHbbzMaQOuf8HacuCYp3LmmrHjkkN//7UEAzsYz7xJ6J+j/84ZWZkQcrRqi3xXyuc4odPHj7PEB0bw=="
    }
  }
}
