{
  "name": "greece",
  "version": "1.0.0",
  "lockfileVersion": 1,
  "requires": true,
  "dependencies": {
    "leaflet": {
      "version": "1.4.0",
      "resolved": "https://registry.npmjs.org/leaflet/-/leaflet-1.4.0.tgz",
      "integrity": "sha512-x9j9tGY1+PDLN9pcWTx9/y6C5nezoTMB8BLK5jTakx+H7bPlnbCHfi9Hjg+Qt36sgDz/cb9lrSpNQXmk45Tvhw=="
    },
    "underscore": {
      "version": "1.13.1",
      "resolved": "https://registry.npmjs.org/underscore/-/underscore-1.13.1.tgz",
      "integrity": "sha512-hzSoAVtJF+3ZtiFX0VgfFPHEDRm7Y/QPjGyNo4TVdnDTdft3tr8hEkD25a1jC+TjTuE7tkHGKkhwCgs9dgBB2g=="
    }
  }
}
